Microsoft Visual Studio Solution File, Format Version 11.00
# Visual Studio 2008

Project("{E3CD3291-B060-723C-402C-79C9819EC90D}") = "Mario1-1Recon", "Assembly-CSharp.csproj", "{12B8B073-6A9D-57AE-A5E8-F3116D33B991}"
EndProject
Global
	GlobalSection(SolutionConfigurationPlatforms) = preSolution
		Debug|Any CPU = Debug|Any CPU
		Release|Any CPU = Release|Any CPU
	EndGlobalSection
	GlobalSection(ProjectConfigurationPlatforms) = postSolution
		{12B8B073-6A9D-57AE-A5E8-F3116D33B991}.Debug|Any CPU.ActiveCfg = Debug|Any CPU
		{12B8B073-6A9D-57AE-A5E8-F3116D33B991}.Debug|Any CPU.Build.0 = Debug|Any CPU
		{12B8B073-6A9D-57AE-A5E8-F3116D33B991}.Release|Any CPU.ActiveCfg = Release|Any CPU
		{12B8B073-6A9D-57AE-A5E8-F3116D33B991}.Release|Any CPU.Build.0 = Release|Any CPU
	EndGlobalSection
	GlobalSection(SolutionProperties) = preSolution
		HideSolutionNode = FALSE
	EndGlobalSection
	GlobalSection(MonoDevelopProperties) = preSolution
		StartupItem = Assembly-CSharp.csproj
	EndGlobalSection
EndGlobal
